
Microsoft Visual Studio Solution File, Format Version 12.00
# Visual Studio 15
VisualStudioVersion = 15.0.28307.1169
MinimumVisualStudioVersion = 10.0.40219.1
Project("{FAE04EC0-301F-11D3-BF4B-00C04F79EFBC}") = "Note", "Note\Note.csproj", "{2EB3E6CA-08AA-43A5-AE86-26500320D113}"
EndProject
Global
	GlobalSection(SolutionConfigurationPlatforms) = preSolution
		Debug|Any CPU = Debug|Any CPU
		Release|Any CPU = Release|Any CPU
	EndGlobalSection
	GlobalSection(ProjectConfigurationPlatforms) = postSolution
		{2EB3E6CA-08AA-43A5-AE86-26500320D113}.Debug|Any CPU.ActiveCfg = Debug|Any CPU
		{2EB3E6CA-08AA-43A5-AE86-26500320D113}.Debug|Any CPU.Build.0 = Debug|Any CPU
		{2EB3E6CA-08AA-43A5-AE86-26500320D113}.Release|Any CPU.ActiveCfg = Release|Any CPU
		{2EB3E6CA-08AA-43A5-AE86-26500320D113}.Release|Any CPU.Build.0 = Release|Any CPU
	EndGlobalSection
	GlobalSection(SolutionProperties) = preSolution
		HideSolutionNode = FALSE
	EndGlobalSection
	GlobalSection(ExtensibilityGlobals) = postSolution
		SolutionGuid = {281A3157-94BC-4FF3-B0FB-E317F4DB4E8F}
	EndGlobalSection
EndGlobal
